<?xml version="1.0" encoding="utf-8"?>
<Project ToolsVersion="4.0" xmlns="http://schemas.microsoft.com/developer/msbuild/2003">
  <ItemGroup>
    <Filter Include="源文件">
      <UniqueIdentifier>{4FC737F1-C7A5-4376-A066-2A32D752A2FF}</UniqueIdentifier>
      <Extensions>cpp;c;cc;cxx;def;odl;idl;hpj;bat;asm;asmx</Extensions>
    </Filter>
    <Filter Include="头文件">
      <UniqueIdentifier>{93995380-89BD-4b04-88EB-625FBE52EBFB}</UniqueIdentifier>
      <Extensions>h;hh;hpp;hxx;hm;inl;inc;xsd</Extensions>
    </Filter>
    <Filter Include="资源文件">
      <UniqueIdentifier>{67DA6AB6-F800-4c08-8B7A-83BB121AAD01}</UniqueIdentifier>
      <Extensions>rc;ico;cur;bmp;dlg;rc2;rct;bin;rgs;gif;jpg;jpeg;jpe;resx;tiff;tif;png;wav;mfcribbon-ms</Extensions>
    </Filter>
  </ItemGroup>
  <ItemGroup>
    <ClCompile Include="..\..\..\AutoTune.cpp">
      <Filter>源文件</Filter>
    </ClCompile>
    <ClCompile Include="..\..\..\clone_index.cpp">
      <Filter>源文件</Filter>
    </ClCompile>
    <ClCompile Include="..\..\..\Clustering.cpp">
      <Filter>源文件</Filter>
    </ClCompile>
    <ClCompile Include="..\..\..\DirectMap.cpp">
      <Filter>源文件</Filter>
    </ClCompile>
    <ClCompile Include="..\..\..\Index.cpp">
      <Filter>源文件</Filter>
    </ClCompile>
    <ClCompile Include="..\..\..\index_factory.cpp">
      <Filter>源文件</Filter>
    </ClCompile>
    <ClCompile Include="..\..\..\Index2Layer.cpp">
      <Filter>源文件</Filter>
    </ClCompile>
    <ClCompile Include="..\..\..\IndexBinary.cpp">
      <Filter>源文件</Filter>
    </ClCompile>
    <ClCompile Include="..\..\..\IndexBinaryFlat.cpp">
      <Filter>源文件</Filter>
    </ClCompile>
    <ClCompile Include="..\..\..\IndexBinaryFromFloat.cpp">
      <Filter>源文件</Filter>
    </ClCompile>
    <ClCompile Include="..\..\..\IndexBinaryHash.cpp">
      <Filter>源文件</Filter>
    </ClCompile>
    <ClCompile Include="..\..\..\IndexBinaryHNSW.cpp">
      <Filter>源文件</Filter>
    </ClCompile>
    <ClCompile Include="..\..\..\IndexBinaryIVF.cpp">
      <Filter>源文件</Filter>
    </ClCompile>
    <ClCompile Include="..\..\..\IndexFlat.cpp">
      <Filter>源文件</Filter>
    </ClCompile>
    <ClCompile Include="..\..\..\IndexHNSW.cpp">
      <Filter>源文件</Filter>
    </ClCompile>
    <ClCompile Include="..\..\..\IndexIVF.cpp">
      <Filter>源文件</Filter>
    </ClCompile>
    <ClCompile Include="..\..\..\IndexIVFFlat.cpp">
      <Filter>源文件</Filter>
    </ClCompile>
    <ClCompile Include="..\..\..\IndexIVFPQ.cpp">
      <Filter>源文件</Filter>
    </ClCompile>
    <ClCompile Include="..\..\..\IndexIVFPQR.cpp">
      <Filter>源文件</Filter>
    </ClCompile>
    <ClCompile Include="..\..\..\IndexIVFSpectralHash.cpp">
      <Filter>源文件</Filter>
    </ClCompile>
    <ClCompile Include="..\..\..\IndexLattice.cpp">
      <Filter>源文件</Filter>
    </ClCompile>
    <ClCompile Include="..\..\..\IndexLSH.cpp">
      <Filter>源文件</Filter>
    </ClCompile>
    <ClCompile Include="..\..\..\IndexPQ.cpp">
      <Filter>源文件</Filter>
    </ClCompile>
    <ClCompile Include="..\..\..\IndexPreTransform.cpp">
      <Filter>源文件</Filter>
    </ClCompile>
    <ClCompile Include="..\..\..\IndexReplicas.cpp">
      <Filter>源文件</Filter>
    </ClCompile>
    <ClCompile Include="..\..\..\IndexScalarQuantizer.cpp">
      <Filter>源文件</Filter>
    </ClCompile>
    <ClCompile Include="..\..\..\IndexShards.cpp">
      <Filter>源文件</Filter>
    </ClCompile>
    <ClCompile Include="..\..\..\InvertedLists.cpp">
      <Filter>源文件</Filter>
    </ClCompile>
    <ClCompile Include="..\..\..\IVFlib.cpp">
      <Filter>源文件</Filter>
    </ClCompile>
    <ClCompile Include="..\..\..\MatrixStats.cpp">
      <Filter>源文件</Filter>
    </ClCompile>
    <ClCompile Include="..\..\..\MetaIndexes.cpp">
      <Filter>源文件</Filter>
    </ClCompile>
    <ClCompile Include="..\..\..\OnDiskInvertedLists.cpp">
      <Filter>源文件</Filter>
    </ClCompile>
    <ClCompile Include="..\..\..\VectorTransform.cpp">
      <Filter>源文件</Filter>
    </ClCompile>
  </ItemGroup>
  <ItemGroup>
    <ClInclude Include="..\..\..\AutoTune.h">
      <Filter>头文件</Filter>
    </ClInclude>
    <ClInclude Include="..\..\..\clone_index.h">
      <Filter>头文件</Filter>
    </ClInclude>
    <ClInclude Include="..\..\..\Clustering.h">
      <Filter>头文件</Filter>
    </ClInclude>
    <ClInclude Include="..\..\..\DirectMap.h">
      <Filter>头文件</Filter>
    </ClInclude>
    <ClInclude Include="..\..\..\Index.h">
      <Filter>头文件</Filter>
    </ClInclude>
    <ClInclude Include="..\..\..\index_factory.h">
      <Filter>头文件</Filter>
    </ClInclude>
    <ClInclude Include="..\..\..\index_io.h">
      <Filter>头文件</Filter>
    </ClInclude>
    <ClInclude Include="..\..\..\Index2Layer.h">
      <Filter>头文件</Filter>
    </ClInclude>
    <ClInclude Include="..\..\..\IndexBinary.h">
      <Filter>头文件</Filter>
    </ClInclude>
    <ClInclude Include="..\..\..\IndexBinaryFlat.h">
      <Filter>头文件</Filter>
    </ClInclude>
    <ClInclude Include="..\..\..\IndexBinaryFromFloat.h">
      <Filter>头文件</Filter>
    </ClInclude>
    <ClInclude Include="..\..\..\IndexBinaryHash.h">
      <Filter>头文件</Filter>
    </ClInclude>
    <ClInclude Include="..\..\..\IndexBinaryHNSW.h">
      <Filter>头文件</Filter>
    </ClInclude>
    <ClInclude Include="..\..\..\IndexBinaryIVF.h">
      <Filter>头文件</Filter>
    </ClInclude>
    <ClInclude Include="..\..\..\IndexFlat.h">
      <Filter>头文件</Filter>
    </ClInclude>
    <ClInclude Include="..\..\..\IndexHNSW.h">
      <Filter>头文件</Filter>
    </ClInclude>
    <ClInclude Include="..\..\..\IndexIVF.h">
      <Filter>头文件</Filter>
    </ClInclude>
    <ClInclude Include="..\..\..\IndexIVFFlat.h">
      <Filter>头文件</Filter>
    </ClInclude>
    <ClInclude Include="..\..\..\IndexIVFPQ.h">
      <Filter>头文件</Filter>
    </ClInclude>
    <ClInclude Include="..\..\..\IndexIVFPQR.h">
      <Filter>头文件</Filter>
    </ClInclude>
    <ClInclude Include="..\..\..\IndexIVFSpectralHash.h">
      <Filter>头文件</Filter>
    </ClInclude>
    <ClInclude Include="..\..\..\IndexLattice.h">
      <Filter>头文件</Filter>
    </ClInclude>
    <ClInclude Include="..\..\..\IndexLSH.h">
      <Filter>头文件</Filter>
    </ClInclude>
    <ClInclude Include="..\..\..\IndexPQ.h">
      <Filter>头文件</Filter>
    </ClInclude>
    <ClInclude Include="..\..\..\IndexPreTransform.h">
      <Filter>头文件</Filter>
    </ClInclude>
    <ClInclude Include="..\..\..\IndexReplicas.h">
      <Filter>头文件</Filter>
    </ClInclude>
    <ClInclude Include="..\..\..\IndexScalarQuantizer.h">
      <Filter>头文件</Filter>
    </ClInclude>
    <ClInclude Include="..\..\..\IndexShards.h">
      <Filter>头文件</Filter>
    </ClInclude>
    <ClInclude Include="..\..\..\InvertedLists.h">
      <Filter>头文件</Filter>
    </ClInclude>
    <ClInclude Include="..\..\..\IVFlib.h">
      <Filter>头文件</Filter>
    </ClInclude>
    <ClInclude Include="..\..\..\MatrixStats.h">
      <Filter>头文件</Filter>
    </ClInclude>
    <ClInclude Include="..\..\..\MetaIndexes.h">
      <Filter>头文件</Filter>
    </ClInclude>
    <ClInclude Include="..\..\..\MetricType.h">
      <Filter>头文件</Filter>
    </ClInclude>
    <ClInclude Include="..\..\..\OnDiskInvertedLists.h">
      <Filter>头文件</Filter>
    </ClInclude>
    <ClInclude Include="..\..\..\VectorTransform.h">
      <Filter>头文件</Filter>
    </ClInclude>
  </ItemGroup>
</Project>